{
  "name": "lsi",
  "version": "0.2.7",
  "lockfileVersion": 1,
  "requires": true,
  "dependencies": {
    "@types/node": {
      "version": "14.0.13",
      "resolved": "http://zartifacts:8081/artifactory/api/npm/saas-npm/@types/node/-/node-14.0.13.tgz",
      "integrity": "sha1-7hEo6IG4dMNxN0wfciAYk2FkF8k=",
      "dev": true
    },
    "typescript": {
      "version": "3.9.5",
      "resolved": "http://zartifacts:8081/artifactory/api/npm/saas-npm/typescript/-/typescript-3.9.5.tgz",
      "integrity": "sha1-WG8NujAM3ovlLdGsT34QCcGxPzY=",
      "dev": true
    }
  }
}
